# This file is automatically @generated by Cargo.
# It is not intended for manual editing.
version = 4

[[package]]
name = "vid2pdf-cli"
version = "0.1.0"
dependencies = [
 "vid2pdf-core",
]

[[package]]
name = "vid2pdf-core"
version = "0.1.0"

[[package]]
name = "vid2pdf-gui"
version = "0.1.0"
dependencies = [
 "vid2pdf-core",
]
